
Microsoft Visual Studio Solution File, Format Version 12.00
# Visual Studio Version 17
VisualStudioVersion = 17.10.34928.147
MinimumVisualStudioVersion = 10.0.40219.1
Project("{FAE04EC0-301F-11D3-BF4B-00C04F79EFBC}") = "xgather", "xgather\xgather.csproj", "{7E1D2936-095B-41DB-B17A-FE1EEB6EDAAD}"
EndProject
Global
	GlobalSection(SolutionConfigurationPlatforms) = preSolution
		Debug|x64 = Debug|x64
		Release|x64 = Release|x64
	EndGlobalSection
	GlobalSection(ProjectConfigurationPlatforms) = postSolution
		{7E1D2936-095B-41DB-B17A-FE1EEB6EDAAD}.Debug|x64.ActiveCfg = Debug|x64
		{7E1D2936-095B-41DB-B17A-FE1EEB6EDAAD}.Debug|x64.Build.0 = Debug|x64
		{7E1D2936-095B-41DB-B17A-FE1EEB6EDAAD}.Release|x64.ActiveCfg = Release|x64
		{7E1D2936-095B-41DB-B17A-FE1EEB6EDAAD}.Release|x64.Build.0 = Release|x64
	EndGlobalSection
	GlobalSection(SolutionProperties) = preSolution
		HideSolutionNode = FALSE
	EndGlobalSection
	GlobalSection(ExtensibilityGlobals) = postSolution
		SolutionGuid = {B17E85B1-5F60-4440-9F9A-3DDE877E8CDF}
	EndGlobalSection
EndGlobal
